
Microsoft Visual Studio Solution File, Format Version 12.00
# Visual Studio Version 16
VisualStudioVersion = 16.0.29418.71
MinimumVisualStudioVersion = 10.0.40219.1
Project("{FAE04EC0-301F-11D3-BF4B-00C04F79EFBC}") = "GoogleFileTran", "GoogleFileTran.csproj", "{CD109330-03C8-4A1A-9E38-86FB014A5B81}"
EndProject
Global
	GlobalSection(SolutionConfigurationPlatforms) = preSolution
		Debug|Any CPU = Debug|Any CPU
		Release|Any CPU = Release|Any CPU
	EndGlobalSection
	GlobalSection(ProjectConfigurationPlatforms) = postSolution
		{CD109330-03C8-4A1A-9E38-86FB014A5B81}.Debug|Any CPU.ActiveCfg = Debug|Any CPU
		{CD109330-03C8-4A1A-9E38-86FB014A5B81}.Debug|Any CPU.Build.0 = Debug|Any CPU
		{CD109330-03C8-4A1A-9E38-86FB014A5B81}.Release|Any CPU.ActiveCfg = Release|Any CPU
		{CD109330-03C8-4A1A-9E38-86FB014A5B81}.Release|Any CPU.Build.0 = Release|Any CPU
	EndGlobalSection
	GlobalSection(SolutionProperties) = preSolution
		HideSolutionNode = FALSE
	EndGlobalSection
	GlobalSection(ExtensibilityGlobals) = postSolution
		SolutionGuid = {3404F16E-535C-4296-ADB0-5977A9FF10D0}
	EndGlobalSection
EndGlobal
